version = 1
revision = 3
requires-python = ">=3.14, <4"

[[package]]
name = "colorama"
version = "0.4.6"
source = { registry = "https://nexus.devuk.mimecast.lan:8443/nexus/repository/pypi.org/simple/" }
sdist = { url = "https://nexus.devuk.mimecast.lan:8443/nexus/repository/pypi.org/packages/colorama/0.4.6/colorama-0.4.6.tar.gz", hash = "sha256:08695f5cb7ed6e0531a20572697297273c47b8cae5a63ffc6d6ed5c201be6e44" }
wheels = [
    { url = "https://nexus.devuk.mimecast.lan:8443/nexus/repository/pypi.org/packages/colorama/0.4.6/colorama-0.4.6-py2.py3-none-any.whl", hash = "sha256:4f1d9991f5acc0ca119f9d443620b77f9d6b33703e51011c16baf57afb285fc6" },
]

[[package]]
name = "coverage"
version = "7.13.4"
source = { registry = "https://nexus.devuk.mimecast.lan:8443/nexus/repository/pypi.org/simple/" }
sdist = { url = "https://nexus.devuk.mimecast.lan:8443/nexus/repository/pypi.org/packages/coverage/7.13.4/coverage-7.13.4.tar.gz", hash = "sha256:e5c8f6ed1e61a8b2dcdf31eb0b9bbf0130750ca79c1c49eb898e2ad86f5ccc91" }
wheels = [
    { url = "https://nexus.devuk.mimecast.lan:8443/nexus/repository/pypi.org/packages/coverage/7.13.4/coverage-7.13.4-cp314-cp314-macosx_10_15_x86_64.whl", hash = "sha256:300deaee342f90696ed186e3a00c71b5b3d27bffe9e827677954f4ee56969601" },
    { url = "https://nexus.devuk.mimecast.lan:8443/nexus/repository/pypi.org/packages/coverage/7.13.4/coverage-7.13.4-cp314-cp314-macosx_11_0_arm64.whl", hash = "sha256:29e3220258d682b6226a9b0925bc563ed9a1ebcff3cad30f043eceea7eaf2689" },
    { url = "https://nexus.devuk.mimecast.lan:8443/nexus/repository/pypi.org/packages/coverage/7.13.4/coverage-7.13.4-cp314-cp314-manylinux1_i686.manylinux_2_28_i686.manylinux_2_5_i686.whl", hash = "sha256:391ee8f19bef69210978363ca930f7328081c6a0152f1166c91f0b5fdd2a773c" },
    { url = "https://nexus.devuk.mimecast.lan:8443/nexus/repository/pypi.org/packages/coverage/7.13.4/coverage-7.13.4-cp314-cp314-manylinux1_x86_64.manylinux_2_28_x86_64.manylinux_2_5_x86_64.whl", hash = "sha256:0dd7ab8278f0d58a0128ba2fca25824321f05d059c1441800e934ff2efa52129" },
    { url = "https://nexus.devuk.mimecast.lan:8443/nexus/repository/pypi.org/packages/coverage/7.13.4/coverage-7.13.4-cp314-cp314-manylinux2014_aarch64.manylinux_2_17_aarch64.manylinux_2_28_aarch64.whl", hash = "sha256:78cdf0d578b15148b009ccf18c686aa4f719d887e76e6b40c38ffb61d264a552" },
    { url = "https://nexus.devuk.mimecast.lan:8443/nexus/repository/pypi.org/packages/coverage/7.13.4/coverage-7.13.4-cp314-cp314-manylinux2014_ppc64le.manylinux_2_17_ppc64le.manylinux_2_28_ppc64le.whl", hash = "sha256:48685fee12c2eb3b27c62f2658e7ea21e9c3239cba5a8a242801a0a3f6a8c62a" },
    { url = "https://nexus.devuk.mimecast.lan:8443/nexus/repository/pypi.org/packages/coverage/7.13.4/coverage-7.13.4-cp314-cp314-manylinux_2_31_riscv64.manylinux_2_39_riscv64.whl", hash = "sha256:4e83efc079eb39480e6346a15a1bcb3e9b04759c5202d157e1dd4303cd619356" },
    { url = "https://nexus.devuk.mimecast.lan:8443/nexus/repository/pypi.org/packages/coverage/7.13.4/coverage-7.13.4-cp314-cp314-musllinux_1_2_aarch64.whl", hash = "sha256:ecae9737b72408d6a950f7e525f30aca12d4bd8dd95e37342e5beb3a2a8c4f71" },
    { url = "https://nexus.devuk.mimecast.lan:8443/nexus/repository/pypi.org/packages/coverage/7.13.4/coverage-7.13.4-cp314-cp314-musllinux_1_2_i686.whl", hash = "sha256:ae4578f8528569d3cf303fef2ea569c7f4c4059a38c8667ccef15c6e1f118aa5" },
    { url = "https://nexus.devuk.mimecast.lan:8443/nexus/repository/pypi.org/packages/coverage/7.13.4/coverage-7.13.4-cp314-cp314-musllinux_1_2_ppc64le.whl", hash = "sha256:6fdef321fdfbb30a197efa02d48fcd9981f0d8ad2ae8903ac318adc653f5df98" },
    { url = "https://nexus.devuk.mimecast.lan:8443/nexus/repository/pypi.org/packages/coverage/7.13.4/coverage-7.13.4-cp314-cp314-musllinux_1_2_riscv64.whl", hash = "sha256:2b0f6ccf3dbe577170bebfce1318707d0e8c3650003cb4b3a9dd744575daa8b5" },
    { url = "https://nexus.devuk.mimecast.lan:8443/nexus/repository/pypi.org/packages/coverage/7.13.4/coverage-7.13.4-cp314-cp314-musllinux_1_2_x86_64.whl", hash = "sha256:75fcd519f2a5765db3f0e391eb3b7d150cce1a771bf4c9f861aeab86c767a3c0" },
    { url = "https://nexus.devuk.mimecast.lan:8443/nexus/repository/pypi.org/packages/coverage/7.13.4/coverage-7.13.4-cp314-cp314-win32.whl", hash = "sha256:8e798c266c378da2bd819b0677df41ab46d78065fb2a399558f3f6cae78b2fbb" },
    { url = "https://nexus.devuk.mimecast.lan:8443/nexus/repository/pypi.org/packages/coverage/7.13.4/coverage-7.13.4-cp314-cp314-win_amd64.whl", hash = "sha256:245e37f664d89861cf2329c9afa2c1fe9e6d4e1a09d872c947e70718aeeac505" },
    { url = "https://nexus.devuk.mimecast.lan:8443/nexus/repository/pypi.org/packages/coverage/7.13.4/coverage-7.13.4-cp314-cp314-win_arm64.whl", hash = "sha256:ad27098a189e5838900ce4c2a99f2fe42a0bf0c2093c17c69b45a71579e8d4a2" },
    { url = "https://nexus.devuk.mimecast.lan:8443/nexus/repository/pypi.org/packages/coverage/7.13.4/coverage-7.13.4-cp314-cp314t-macosx_10_15_x86_64.whl", hash = "sha256:85480adfb35ffc32d40918aad81b89c69c9cc5661a9b8a81476d3e645321a056" },
    { url = "https://nexus.devuk.mimecast.lan:8443/nexus/repository/pypi.org/packages/coverage/7.13.4/coverage-7.13.4-cp314-cp314t-macosx_11_0_arm64.whl", hash = "sha256:79be69cf7f3bf9b0deeeb062eab7ac7f36cd4cc4c4dd694bd28921ba4d8596cc" },
    { url = "https://nexus.devuk.mimecast.lan:8443/nexus/repository/pypi.org/packages/coverage/7.13.4/coverage-7.13.4-cp314-cp314t-manylinux1_i686.manylinux_2_28_i686.manylinux_2_5_i686.whl", hash = "sha256:caa421e2684e382c5d8973ac55e4f36bed6821a9bad5c953494de960c74595c9" },
    { url = "https://nexus.devuk.mimecast.lan:8443/nexus/repository/pypi.org/packages/coverage/7.13.4/coverage-7.13.4-cp314-cp314t-manylinux1_x86_64.manylinux_2_28_x86_64.manylinux_2_5_x86_64.whl", hash = "sha256:14375934243ee05f56c45393fe2ce81fe5cc503c07cee2bdf1725fb8bef3ffaf" },
    { url = "https://nexus.devuk.mimecast.lan:8443/nexus/repository/pypi.org/packages/coverage/7.13.4/coverage-7.13.4-cp314-cp314t-manylinux2014_aarch64.manylinux_2_17_aarch64.manylinux_2_28_aarch64.whl", hash = "sha256:25a41c3104d08edb094d9db0d905ca54d0cd41c928bb6be3c4c799a54753af55" },
    { url = "https://nexus.devuk.mimecast.lan:8443/nexus/repository/pypi.org/packages/coverage/7.13.4/coverage-7.13.4-cp314-cp314t-manylinux2014_ppc64le.manylinux_2_17_ppc64le.manylinux_2_28_ppc64le.whl", hash = "sha256:6f01afcff62bf9a08fb32b2c1d6e924236c0383c02c790732b6537269e466a72" },
    { url = "https://nexus.devuk.mimecast.lan:8443/nexus/repository/pypi.org/packages/coverage/7.13.4/coverage-7.13.4-cp314-cp314t-manylinux_2_31_riscv64.manylinux_2_39_riscv64.whl", hash = "sha256:eb9078108fbf0bcdde37c3f4779303673c2fa1fe8f7956e68d447d0dd426d38a" },
    { url = "https://nexus.devuk.mimecast.lan:8443/nexus/repository/pypi.org/packages/coverage/7.13.4/coverage-7.13.4-cp314-cp314t-musllinux_1_2_aarch64.whl", hash = "sha256:0e086334e8537ddd17e5f16a344777c1ab8194986ec533711cbe6c41cde841b6" },
    { url = "https://nexus.devuk.mimecast.lan:8443/nexus/repository/pypi.org/packages/coverage/7.13.4/coverage-7.13.4-cp314-cp314t-musllinux_1_2_i686.whl", hash = "sha256:725d985c5ab621268b2edb8e50dfe57633dc69bda071abc470fed55a14935fd3" },
    { url = "https://nexus.devuk.mimecast.lan:8443/nexus/repository/pypi.org/packages/coverage/7.13.4/coverage-7.13.4-cp314-cp314t-musllinux_1_2_ppc64le.whl", hash = "sha256:3c06f0f1337c667b971ca2f975523347e63ec5e500b9aa5882d91931cd3ef750" },
    { url = "https://nexus.devuk.mimecast.lan:8443/nexus/repository/pypi.org/packages/coverage/7.13.4/coverage-7.13.4-cp314-cp314t-musllinux_1_2_riscv64.whl", hash = "sha256:590c0ed4bf8e85f745e6b805b2e1c457b2e33d5255dd9729743165253bc9ad39" },
    { url = "https://nexus.devuk.mimecast.lan:8443/nexus/repository/pypi.org/packages/coverage/7.13.4/coverage-7.13.4-cp314-cp314t-musllinux_1_2_x86_64.whl", hash = "sha256:eb30bf180de3f632cd043322dad5751390e5385108b2807368997d1a92a509d0" },
    { url = "https://nexus.devuk.mimecast.lan:8443/nexus/repository/pypi.org/packages/coverage/7.13.4/coverage-7.13.4-cp314-cp314t-win32.whl", hash = "sha256:c4240e7eded42d131a2d2c4dec70374b781b043ddc79a9de4d55ca71f8e98aea" },
    { url = "https://nexus.devuk.mimecast.lan:8443/nexus/repository/pypi.org/packages/coverage/7.13.4/coverage-7.13.4-cp314-cp314t-win_amd64.whl", hash = "sha256:4c7d3cc01e7350f2f0f6f7036caaf5673fb56b6998889ccfe9e1c1fe75a9c932" },
    { url = "https://nexus.devuk.mimecast.lan:8443/nexus/repository/pypi.org/packages/coverage/7.13.4/coverage-7.13.4-cp314-cp314t-win_arm64.whl", hash = "sha256:23e3f687cf945070d1c90f85db66d11e3025665d8dafa831301a0e0038f3db9b" },
    { url = "https://nexus.devuk.mimecast.lan:8443/nexus/repository/pypi.org/packages/coverage/7.13.4/coverage-7.13.4-py3-none-any.whl", hash = "sha256:1af1641e57cf7ba1bd67d677c9abdbcd6cc2ab7da3bca7fa1e2b7e50e65f2ad0" },
]

[[package]]
name = "falkordb"
version = "1.6.0"
source = { registry = "https://nexus.devuk.mimecast.lan:8443/nexus/repository/pypi.org/simple/" }
dependencies = [
    { name = "python-dateutil" },
    { name = "redis" },
]
sdist = { url = "https://nexus.devuk.mimecast.lan:8443/nexus/repository/pypi.org/packages/falkordb/1.6.0/falkordb-1.6.0.tar.gz", hash = "sha256:5c307d973f3fc3987a18478ebd5882f7e842d4225463a8ef5e026970ebfba8c6" }
wheels = [
    { url = "https://nexus.devuk.mimecast.lan:8443/nexus/repository/pypi.org/packages/falkordb/1.6.0/falkordb-1.6.0-py3-none-any.whl", hash = "sha256:0f190e9d6104595fd51ece4f1e7b5d49d62cfee346d94151d7986a138fd90d89" },
]

[[package]]
name = "iniconfig"
version = "2.3.0"
source = { registry = "https://nexus.devuk.mimecast.lan:8443/nexus/repository/pypi.org/simple/" }
sdist = { url = "https://nexus.devuk.mimecast.lan:8443/nexus/repository/pypi.org/packages/iniconfig/2.3.0/iniconfig-2.3.0.tar.gz", hash = "sha256:c76315c77db068650d49c5b56314774a7804df16fee4402c1f19d6d15d8c4730" }
wheels = [
    { url = "https://nexus.devuk.mimecast.lan:8443/nexus/repository/pypi.org/packages/iniconfig/2.3.0/iniconfig-2.3.0-py3-none-any.whl", hash = "sha256:f631c04d2c48c52b84d0d0549c99ff3859c98df65b3101406327ecc7d53fbf12" },
]

[[package]]
name = "packaging"
version = "26.0"
source = { registry = "https://nexus.devuk.mimecast.lan:8443/nexus/repository/pypi.org/simple/" }
sdist = { url = "https://nexus.devuk.mimecast.lan:8443/nexus/repository/pypi.org/packages/packaging/26.0/packaging-26.0.tar.gz", hash = "sha256:00243ae351a257117b6a241061796684b084ed1c516a08c48a3f7e147a9d80b4" }
wheels = [
    { url = "https://nexus.devuk.mimecast.lan:8443/nexus/repository/pypi.org/packages/packaging/26.0/packaging-26.0-py3-none-any.whl", hash = "sha256:b36f1fef9334a5588b4166f8bcd26a14e521f2b55e6b9de3aaa80d3ff7a37529" },
]

[[package]]
name = "pluggy"
version = "1.6.0"
source = { registry = "https://nexus.devuk.mimecast.lan:8443/nexus/repository/pypi.org/simple/" }
sdist = { url = "https://nexus.devuk.mimecast.lan:8443/nexus/repository/pypi.org/packages/pluggy/1.6.0/pluggy-1.6.0.tar.gz", hash = "sha256:7dcc130b76258d33b90f61b658791dede3486c3e6bfb003ee5c9bfb396dd22f3" }
wheels = [
    { url = "https://nexus.devuk.mimecast.lan:8443/nexus/repository/pypi.org/packages/pluggy/1.6.0/pluggy-1.6.0-py3-none-any.whl", hash = "sha256:e920276dd6813095e9377c0bc5566d94c932c33b27a3e3945d8389c374dd4746" },
]

[[package]]
name = "pygments"
version = "2.19.2"
source = { registry = "https://nexus.devuk.mimecast.lan:8443/nexus/repository/pypi.org/simple/" }
sdist = { url = "https://nexus.devuk.mimecast.lan:8443/nexus/repository/pypi.org/packages/pygments/2.19.2/pygments-2.19.2.tar.gz", hash = "sha256:636cb2477cec7f8952536970bc533bc43743542f70392ae026374600add5b887" }
wheels = [
    { url = "https://nexus.devuk.mimecast.lan:8443/nexus/repository/pypi.org/packages/pygments/2.19.2/pygments-2.19.2-py3-none-any.whl", hash = "sha256:86540386c03d588bb81d44bc3928634ff26449851e99741617ecb9037ee5ec0b" },
]

[[package]]
name = "pytest"
version = "8.4.2"
source = { registry = "https://nexus.devuk.mimecast.lan:8443/nexus/repository/pypi.org/simple/" }
dependencies = [
    { name = "colorama", marker = "sys_platform == 'win32'" },
    { name = "iniconfig" },
    { name = "packaging" },
    { name = "pluggy" },
    { name = "pygments" },
]
sdist = { url = "https://nexus.devuk.mimecast.lan:8443/nexus/repository/pypi.org/packages/pytest/8.4.2/pytest-8.4.2.tar.gz", hash = "sha256:86c0d0b93306b961d58d62a4db4879f27fe25513d4b969df351abdddb3c30e01" }
wheels = [
    { url = "https://nexus.devuk.mimecast.lan:8443/nexus/repository/pypi.org/packages/pytest/8.4.2/pytest-8.4.2-py3-none-any.whl", hash = "sha256:872f880de3fc3a5bdc88a11b39c9710c3497a547cfa9320bc3c5e62fbf272e79" },
]

[[package]]
name = "pytest-cov"
version = "4.1.0"
source = { registry = "https://nexus.devuk.mimecast.lan:8443/nexus/repository/pypi.org/simple/" }
dependencies = [
    { name = "coverage" },
    { name = "pytest" },
]
sdist = { url = "https://nexus.devuk.mimecast.lan:8443/nexus/repository/pypi.org/packages/pytest-cov/4.1.0/pytest-cov-4.1.0.tar.gz", hash = "sha256:3904b13dfbfec47f003b8e77fd5b589cd11904a21ddf1ab38a64f204d6a10ef6" }
wheels = [
    { url = "https://nexus.devuk.mimecast.lan:8443/nexus/repository/pypi.org/packages/pytest-cov/4.1.0/pytest_cov-4.1.0-py3-none-any.whl", hash = "sha256:6ba70b9e97e69fcc3fb45bfeab2d0a138fb65c4d0d6a41ef33983ad114be8c3a" },
]

[[package]]
name = "python-dateutil"
version = "2.9.0.post0"
source = { registry = "https://nexus.devuk.mimecast.lan:8443/nexus/repository/pypi.org/simple/" }
dependencies = [
    { name = "six" },
]
sdist = { url = "https://nexus.devuk.mimecast.lan:8443/nexus/repository/pypi.org/packages/python-dateutil/2.9.0.post0/python-dateutil-2.9.0.post0.tar.gz", hash = "sha256:37dd54208da7e1cd875388217d5e00ebd4179249f90fb72437e91a35459a0ad3" }
wheels = [
    { url = "https://nexus.devuk.mimecast.lan:8443/nexus/repository/pypi.org/packages/python-dateutil/2.9.0.post0/python_dateutil-2.9.0.post0-py2.py3-none-any.whl", hash = "sha256:a8b2bc7bffae282281c8140a97d3aa9c14da0b136dfe83f850eea9a5f7470427" },
]

[[package]]
name = "redis"
version = "7.2.1"
source = { registry = "https://nexus.devuk.mimecast.lan:8443/nexus/repository/pypi.org/simple/" }
sdist = { url = "https://nexus.devuk.mimecast.lan:8443/nexus/repository/pypi.org/packages/redis/7.2.1/redis-7.2.1.tar.gz", hash = "sha256:6163c1a47ee2d9d01221d8456bc1c75ab953cbda18cfbc15e7140e9ba16ca3a5" }
wheels = [
    { url = "https://nexus.devuk.mimecast.lan:8443/nexus/repository/pypi.org/packages/redis/7.2.1/redis-7.2.1-py3-none-any.whl", hash = "sha256:49e231fbc8df2001436ae5252b3f0f3dc930430239bfeb6da4c7ee92b16e5d33" },
]

[[package]]
name = "sbom-graph-model"
version = "0.1.0"
source = { editable = "." }
dependencies = [
    { name = "falkordb" },
]

[package.dev-dependencies]
dev = [
    { name = "pytest" },
    { name = "pytest-cov" },
]

[package.metadata]
requires-dist = [{ name = "falkordb", specifier = ">=1.4.0" }]

[package.metadata.requires-dev]
dev = [
    { name = "pytest", specifier = ">=8.0.0,<9.0.0" },
    { name = "pytest-cov", specifier = ">=4.0.0,<5.0.0" },
]

[[package]]
name = "six"
version = "1.17.0"
source = { registry = "https://nexus.devuk.mimecast.lan:8443/nexus/repository/pypi.org/simple/" }
sdist = { url = "https://nexus.devuk.mimecast.lan:8443/nexus/repository/pypi.org/packages/six/1.17.0/six-1.17.0.tar.gz", hash = "sha256:ff70335d468e7eb6ec65b95b99d3a2836546063f63acc5171de367e834932a81" }
wheels = [
    { url = "https://nexus.devuk.mimecast.lan:8443/nexus/repository/pypi.org/packages/six/1.17.0/six-1.17.0-py2.py3-none-any.whl", hash = "sha256:4721f391ed90541fddacab5acf947aa0d3dc7d27b2e1e8eda2be8970586c3274" },
]
